// !$*UTF8*$!
{
	archiveVersion = 1;
	classes = {
	};
	objectVersion = 52;
	objects = {

/* Begin PBXBuildFile section */
		1F0D1082245E41E000544E8E /* rick-morty-swift-api in Frameworks */ = {isa = PBXBuildFile; productRef = 1F0D1081245E41E000544E8E /* rick-morty-swift-api */; };
		1F0D1087245E8D8800544E8E /* Alamofire in Frameworks */ = {isa = PBXBuildFile; productRef = 1F0D1086245E8D8800544E8E /* Alamofire */; };
		1F0D108A245E8DDA00544E8E /* SwiftyJSON in Frameworks */ = {isa = PBXBuildFile; productRef = 1F0D1089245E8DDA00544E8E /* SwiftyJSON */; };
		1F4183EF23FF8F1400E4F471 /* AppDelegate.swift in Sources */ = {isa = PBXBuildFile; fileRef = 1F4183EE23FF8F1400E4F471 /* AppDelegate.swift */; };
		1F4183F123FF8F1400E4F471 /* SceneDelegate.swift in Sources */ = {isa = PBXBuildFile; fileRef = 1F4183F023FF8F1400E4F471 /* SceneDelegate.swift */; };
		1F4183F823FF8F1500E4F471 /* Assets.xcassets in Resources */ = {isa = PBXBuildFile; fileRef = 1F4183F723FF8F1500E4F471 /* Assets.xcassets */; };
		1F4183FB23FF8F1500E4F471 /* LaunchScreen.storyboard in Resources */ = {isa = PBXBuildFile; fileRef = 1F4183F923FF8F1500E4F471 /* LaunchScreen.storyboard */; };
		1FB425A4245E9A2900D34A84 /* Character.swift in Sources */ = {isa = PBXBuildFile; fileRef = 1FB425A3245E9A2900D34A84 /* Character.swift */; };
		1FB425A6245EAA2300D34A84 /* CharacterConverter.swift in Sources */ = {isa = PBXBuildFile; fileRef = 1FB425A5245EAA2300D34A84 /* CharacterConverter.swift */; };
		1FB425A8245EACAF00D34A84 /* CharacterDetailViewModel.swift in Sources */ = {isa = PBXBuildFile; fileRef = 1FB425A7245EACAF00D34A84 /* CharacterDetailViewModel.swift */; };
		1FB425AA245EB07E00D34A84 /* CharacterListViewModel.swift in Sources */ = {isa = PBXBuildFile; fileRef = 1FB425A9245EB07E00D34A84 /* CharacterListViewModel.swift */; };
		1FB425AD245EB09F00D34A84 /* CharacterListViewController.xib in Resources */ = {isa = PBXBuildFile; fileRef = 1FB425AC245EB09F00D34A84 /* CharacterListViewController.xib */; };
		1FB425AF245EB0B800D34A84 /* CharacterListTableViewCell.xib in Resources */ = {isa = PBXBuildFile; fileRef = 1FB425AE245EB0B800D34A84 /* CharacterListTableViewCell.xib */; };
		1FB425B1245EB10800D34A84 /* CharacterListRouter.swift in Sources */ = {isa = PBXBuildFile; fileRef = 1FB425B0245EB10800D34A84 /* CharacterListRouter.swift */; };
		1FB425B3245EB13D00D34A84 /* CharacterListViewController.swift in Sources */ = {isa = PBXBuildFile; fileRef = 1FB425B2245EB13D00D34A84 /* CharacterListViewController.swift */; };
		1FB425B5245EB15E00D34A84 /* CharacterListTableViewCell.swift in Sources */ = {isa = PBXBuildFile; fileRef = 1FB425B4245EB15E00D34A84 /* CharacterListTableViewCell.swift */; };
		1FB425B7245EB1AE00D34A84 /* NetworkManager.swift in Sources */ = {isa = PBXBuildFile; fileRef = 1FB425B6245EB1AE00D34A84 /* NetworkManager.swift */; };
		1FB425B9245EB1FA00D34A84 /* CharacterDetailsViewController.xib in Resources */ = {isa = PBXBuildFile; fileRef = 1FB425B8245EB1FA00D34A84 /* CharacterDetailsViewController.xib */; };
		1FB425BB245EB44400D34A84 /* CharacterDetailsViewController.swift in Sources */ = {isa = PBXBuildFile; fileRef = 1FB425BA245EB44400D34A84 /* CharacterDetailsViewController.swift */; };
		1FB425BE245EB7CE00D34A84 /* SDWebImage in Frameworks */ = {isa = PBXBuildFile; productRef = 1FB425BD245EB7CE00D34A84 /* SDWebImage */; };
		1FB425C0245EB7CE00D34A84 /* SDWebImageMapKit in Frameworks */ = {isa = PBXBuildFile; productRef = 1FB425BF245EB7CE00D34A84 /* SDWebImageMapKit */; };
/* End PBXBuildFile section */

/* Begin PBXFileReference section */
		1F4183EB23FF8F1400E4F471 /* Rick and Morty.app */ = {isa = PBXFileReference; explicitFileType = wrapper.application; includeInIndex = 0; path = "Rick and Morty.app"; sourceTree = BUILT_PRODUCTS_DIR; };
		1F4183EE23FF8F1400E4F471 /* AppDelegate.swift */ = {isa = PBXFileReference; lastKnownFileType = sourcecode.swift; path = AppDelegate.swift; sourceTree = "<group>"; };
		1F4183F023FF8F1400E4F471 /* SceneDelegate.swift */ = {isa = PBXFileReference; lastKnownFileType = sourcecode.swift; path = SceneDelegate.swift; sourceTree = "<group>"; };
		1F4183F723FF8F1500E4F471 /* Assets.xcassets */ = {isa = PBXFileReference; lastKnownFileType = folder.assetcatalog; path = Assets.xcassets; sourceTree = "<group>"; };
		1F4183FA23FF8F1500E4F471 /* Base */ = {isa = PBXFileReference; lastKnownFileType = file.storyboard; name = Base; path = Base.lproj/LaunchScreen.storyboard; sourceTree = "<group>"; };
		1F4183FC23FF8F1500E4F471 /* Info.plist */ = {isa = PBXFileReference; lastKnownFileType = text.plist.xml; path = Info.plist; sourceTree = "<group>"; };
		1FB425A3245E9A2900D34A84 /* Character.swift */ = {isa = PBXFileReference; lastKnownFileType = sourcecode.swift; path = Character.swift; sourceTree = "<group>"; };
		1FB425A5245EAA2300D34A84 /* CharacterConverter.swift */ = {isa = PBXFileReference; lastKnownFileType = sourcecode.swift; path = CharacterConverter.swift; sourceTree = "<group>"; };
		1FB425A7245EACAF00D34A84 /* CharacterDetailViewModel.swift */ = {isa = PBXFileReference; lastKnownFileType = sourcecode.swift; path = CharacterDetailViewModel.swift; sourceTree = "<group>"; };
		1FB425A9245EB07E00D34A84 /* CharacterListViewModel.swift */ = {isa = PBXFileReference; lastKnownFileType = sourcecode.swift; path = CharacterListViewModel.swift; sourceTree = "<group>"; };
		1FB425AC245EB09F00D34A84 /* CharacterListViewController.xib */ = {isa = PBXFileReference; fileEncoding = 4; lastKnownFileType = file.xib; path = CharacterListViewController.xib; sourceTree = "<group>"; };
		1FB425AE245EB0B800D34A84 /* CharacterListTableViewCell.xib */ = {isa = PBXFileReference; fileEncoding = 4; lastKnownFileType = file.xib; path = CharacterListTableViewCell.xib; sourceTree = "<group>"; };
		1FB425B0245EB10800D34A84 /* CharacterListRouter.swift */ = {isa = PBXFileReference; lastKnownFileType = sourcecode.swift; path = CharacterListRouter.swift; sourceTree = "<group>"; };
		1FB425B2245EB13D00D34A84 /* CharacterListViewController.swift */ = {isa = PBXFileReference; lastKnownFileType = sourcecode.swift; path = CharacterListViewController.swift; sourceTree = "<group>"; };
		1FB425B4245EB15E00D34A84 /* CharacterListTableViewCell.swift */ = {isa = PBXFileReference; lastKnownFileType = sourcecode.swift; path = CharacterListTableViewCell.swift; sourceTree = "<group>"; };
		1FB425B6245EB1AE00D34A84 /* NetworkManager.swift */ = {isa = PBXFileReference; lastKnownFileType = sourcecode.swift; path = NetworkManager.swift; sourceTree = "<group>"; };
		1FB425B8245EB1FA00D34A84 /* CharacterDetailsViewController.xib */ = {isa = PBXFileReference; fileEncoding = 4; lastKnownFileType = file.xib; path = CharacterDetailsViewController.xib; sourceTree = "<group>"; };
		1FB425BA245EB44400D34A84 /* CharacterDetailsViewController.swift */ = {isa = PBXFileReference; lastKnownFileType = sourcecode.swift; path = CharacterDetailsViewController.swift; sourceTree = "<group>"; };
/* End PBXFileReference section */

/* Begin PBXFrameworksBuildPhase section */
		1F4183E823FF8F1400E4F471 /* Frameworks */ = {
			isa = PBXFrameworksBuildPhase;
			buildActionMask = 2147483647;
			files = (
				1F0D108A245E8DDA00544E8E /* SwiftyJSON in Frameworks */,
				1FB425C0245EB7CE00D34A84 /* SDWebImageMapKit in Frameworks */,
				1F0D1082245E41E000544E8E /* rick-morty-swift-api in Frameworks */,
				1FB425BE245EB7CE00D34A84 /* SDWebImage in Frameworks */,
				1F0D1087245E8D8800544E8E /* Alamofire in Frameworks */,
			);
			runOnlyForDeploymentPostprocessing = 0;
		};
/* End PBXFrameworksBuildPhase section */

/* Begin PBXGroup section */
		1F4183E223FF8F1400E4F471 = {
			isa = PBXGroup;
			children = (
				1F4183ED23FF8F1400E4F471 /* Rick and Morty */,
			);
			sourceTree = "<group>";
		};
		1F4183EC23FF8F1400E4F471 /* Products */ = {
			isa = PBXGroup;
			children = (
				1F4183EB23FF8F1400E4F471 /* Rick and Morty.app */,
			);
			name = Products;
			path = ..;
			sourceTree = "<group>";
		};
		1F4183ED23FF8F1400E4F471 /* Rick and Morty */ = {
			isa = PBXGroup;
			children = (
				93286E0923FF9A0D007DFEEA /* Controllers */,
				1FB493422400D68C00E5C972 /* Models */,
				1F4183EC23FF8F1400E4F471 /* Products */,
				1FB493432400D6A700E5C972 /* Assets */,
			);
			path = "Rick and Morty";
			sourceTree = "<group>";
		};
		1FB425AB245EB08400D34A84 /* CharacterList */ = {
			isa = PBXGroup;
			children = (
				1FB425A9245EB07E00D34A84 /* CharacterListViewModel.swift */,
				1FB425B0245EB10800D34A84 /* CharacterListRouter.swift */,
				1FB425B2245EB13D00D34A84 /* CharacterListViewController.swift */,
				1FB425B4245EB15E00D34A84 /* CharacterListTableViewCell.swift */,
				1FB425AC245EB09F00D34A84 /* CharacterListViewController.xib */,
				1FB425AE245EB0B800D34A84 /* CharacterListTableViewCell.xib */,
			);
			path = CharacterList;
			sourceTree = "<group>";
		};
		1FB493422400D68C00E5C972 /* Models */ = {
			isa = PBXGroup;
			children = (
				1FB425A3245E9A2900D34A84 /* Character.swift */,
				1FB425A5245EAA2300D34A84 /* CharacterConverter.swift */,
				1FB425A7245EACAF00D34A84 /* CharacterDetailViewModel.swift */,
				1FB425BA245EB44400D34A84 /* CharacterDetailsViewController.swift */,
				1FB425B8245EB1FA00D34A84 /* CharacterDetailsViewController.xib */,
				1FB425AB245EB08400D34A84 /* CharacterList */,
			);
			path = Models;
			sourceTree = "<group>";
		};
		1FB493432400D6A700E5C972 /* Assets */ = {
			isa = PBXGroup;
			children = (
				1F4183F023FF8F1400E4F471 /* SceneDelegate.swift */,
				1F4183EE23FF8F1400E4F471 /* AppDelegate.swift */,
				1F4183F923FF8F1500E4F471 /* LaunchScreen.storyboard */,
				1F4183F723FF8F1500E4F471 /* Assets.xcassets */,
				1F4183FC23FF8F1500E4F471 /* Info.plist */,
			);
			path = Assets;
			sourceTree = "<group>";
		};
		93286E0923FF9A0D007DFEEA /* Controllers */ = {
			isa = PBXGroup;
			children = (
				1FB425B6245EB1AE00D34A84 /* NetworkManager.swift */,
			);
			name = Controllers;
			path = ..;
			sourceTree = "<group>";
		};
/* End PBXGroup section */

/* Begin PBXNativeTarget section */
		1F4183EA23FF8F1400E4F471 /* Rick and Morty */ = {
			isa = PBXNativeTarget;
			buildConfigurationList = 1F4183FF23FF8F1500E4F471 /* Build configuration list for PBXNativeTarget "Rick and Morty" */;
			buildPhases = (
				1F4183E723FF8F1400E4F471 /* Sources */,
				1F4183E823FF8F1400E4F471 /* Frameworks */,
				1F4183E923FF8F1400E4F471 /* Resources */,
			);
			buildRules = (
			);
			dependencies = (
			);
			name = "Rick and Morty";
			packageProductDependencies = (
				1F0D1081245E41E000544E8E /* rick-morty-swift-api */,
				1F0D1086245E8D8800544E8E /* Alamofire */,
				1F0D1089245E8DDA00544E8E /* SwiftyJSON */,
				1FB425BD245EB7CE00D34A84 /* SDWebImage */,
				1FB425BF245EB7CE00D34A84 /* SDWebImageMapKit */,
			);
			productName = "Rick and Morty";
			productReference = 1F4183EB23FF8F1400E4F471 /* Rick and Morty.app */;
			productType = "com.apple.product-type.application";
		};
/* End PBXNativeTarget section */

/* Begin PBXProject section */
		1F4183E323FF8F1400E4F471 /* Project object */ = {
			isa = PBXProject;
			attributes = {
				LastSwiftUpdateCheck = 1130;
				LastUpgradeCheck = 1130;
				ORGANIZATIONNAME = "Lambda School";
				TargetAttributes = {
					1F4183EA23FF8F1400E4F471 = {
						CreatedOnToolsVersion = 11.3.1;
					};
				};
			};
			buildConfigurationList = 1F4183E623FF8F1400E4F471 /* Build configuration list for PBXProject "Rick and Morty" */;
			compatibilityVersion = "Xcode 9.3";
			developmentRegion = en;
			hasScannedForEncodings = 0;
			knownRegions = (
				en,
				Base,
			);
			mainGroup = 1F4183E223FF8F1400E4F471;
			packageReferences = (
				1F0D1080245E41E000544E8E /* XCRemoteSwiftPackageReference "rick-morty-swift-api" */,
				1F0D1085245E8D8800544E8E /* XCRemoteSwiftPackageReference "Alamofire" */,
				1F0D1088245E8DDA00544E8E /* XCRemoteSwiftPackageReference "SwiftyJSON" */,
				1FB425BC245EB7CE00D34A84 /* XCRemoteSwiftPackageReference "SDWebImage" */,
			);
			productRefGroup = 1F4183EC23FF8F1400E4F471 /* Products */;
			projectDirPath = "";
			projectRoot = "";
			targets = (
				1F4183EA23FF8F1400E4F471 /* Rick and Morty */,
			);
		};
/* End PBXProject section */

/* Begin PBXResourcesBuildPhase section */
		1F4183E923FF8F1400E4F471 /* Resources */ = {
			isa = PBXResourcesBuildPhase;
			buildActionMask = 2147483647;
			files = (
				1FB425AD245EB09F00D34A84 /* CharacterListViewController.xib in Resources */,
				1F4183FB23FF8F1500E4F471 /* LaunchScreen.storyboard in Resources */,
				1F4183F823FF8F1500E4F471 /* Assets.xcassets in Resources */,
				1FB425B9245EB1FA00D34A84 /* CharacterDetailsViewController.xib in Resources */,
				1FB425AF245EB0B800D34A84 /* CharacterListTableViewCell.xib in Resources */,
			);
			runOnlyForDeploymentPostprocessing = 0;
		};
/* End PBXResourcesBuildPhase section */

/* Begin PBXSourcesBuildPhase section */
		1F4183E723FF8F1400E4F471 /* Sources */ = {
			isa = PBXSourcesBuildPhase;
			buildActionMask = 2147483647;
			files = (
				1FB425A6245EAA2300D34A84 /* CharacterConverter.swift in Sources */,
				1FB425B5245EB15E00D34A84 /* CharacterListTableViewCell.swift in Sources */,
				1FB425B3245EB13D00D34A84 /* CharacterListViewController.swift in Sources */,
				1FB425B7245EB1AE00D34A84 /* NetworkManager.swift in Sources */,
				1FB425BB245EB44400D34A84 /* CharacterDetailsViewController.swift in Sources */,
				1FB425A4245E9A2900D34A84 /* Character.swift in Sources */,
				1FB425B1245EB10800D34A84 /* CharacterListRouter.swift in Sources */,
				1F4183EF23FF8F1400E4F471 /* AppDelegate.swift in Sources */,
				1FB425AA245EB07E00D34A84 /* CharacterListViewModel.swift in Sources */,
				1FB425A8245EACAF00D34A84 /* CharacterDetailViewModel.swift in Sources */,
				1F4183F123FF8F1400E4F471 /* SceneDelegate.swift in Sources */,
			);
			runOnlyForDeploymentPostprocessing = 0;
		};
/* End PBXSourcesBuildPhase section */

/* Begin PBXVariantGroup section */
		1F4183F923FF8F1500E4F471 /* LaunchScreen.storyboard */ = {
			isa = PBXVariantGroup;
			children = (
				1F4183FA23FF8F1500E4F471 /* Base */,
			);
			name = LaunchScreen.storyboard;
			sourceTree = "<group>";
		};
/* End PBXVariantGroup section */

/* Begin XCBuildConfiguration section */
		1F4183FD23FF8F1500E4F471 /* Debug */ = {
			isa = XCBuildConfiguration;
			buildSettings = {
				ALWAYS_SEARCH_USER_PATHS = NO;
				CLANG_ANALYZER_NONNULL = YES;
				CLANG_ANALYZER_NUMBER_OBJECT_CONVERSION = YES_AGGRESSIVE;
				CLANG_CXX_LANGUAGE_STANDARD = "gnu++14";
				CLANG_CXX_LIBRARY = "libc++";
				CLANG_ENABLE_MODULES = YES;
				CLANG_ENABLE_OBJC_ARC = YES;
				CLANG_ENABLE_OBJC_WEAK = YES;
				CLANG_WARN_BLOCK_CAPTURE_AUTORELEASING = YES;
				CLANG_WARN_BOOL_CONVERSION = YES;
				CLANG_WARN_COMMA = YES;
				CLANG_WARN_CONSTANT_CONVERSION = YES;
				CLANG_WARN_DEPRECATED_OBJC_IMPLEMENTATIONS = YES;
				CLANG_WARN_DIRECT_OBJC_ISA_USAGE = YES_ERROR;
				CLANG_WARN_DOCUMENTATION_COMMENTS = YES;
				CLANG_WARN_EMPTY_BODY = YES;
				CLANG_WARN_ENUM_CONVERSION = YES;
				CLANG_WARN_INFINITE_RECURSION = YES;
				CLANG_WARN_INT_CONVERSION = YES;
				CLANG_WARN_NON_LITERAL_NULL_CONVERSION = YES;
				CLANG_WARN_OBJC_IMPLICIT_RETAIN_SELF = YES;
				CLANG_WARN_OBJC_LITERAL_CONVERSION = YES;
				CLANG_WARN_OBJC_ROOT_CLASS = YES_ERROR;
				CLANG_WARN_RANGE_LOOP_ANALYSIS = YES;
				CLANG_WARN_STRICT_PROTOTYPES = YES;
				CLANG_WARN_SUSPICIOUS_MOVE = YES;
				CLANG_WARN_UNGUARDED_AVAILABILITY = YES_AGGRESSIVE;
				CLANG_WARN_UNREACHABLE_CODE = YES;
				CLANG_WARN__DUPLICATE_METHOD_MATCH = YES;
				COPY_PHASE_STRIP = NO;
				DEBUG_INFORMATION_FORMAT = dwarf;
				ENABLE_STRICT_OBJC_MSGSEND = YES;
				ENABLE_TESTABILITY = YES;
				GCC_C_LANGUAGE_STANDARD = gnu11;
				GCC_DYNAMIC_NO_PIC = NO;
				GCC_NO_COMMON_BLOCKS = YES;
				GCC_OPTIMIZATION_LEVEL = 0;
				GCC_PREPROCESSOR_DEFINITIONS = (
					"DEBUG=1",
					"$(inherited)",
				);
				GCC_WARN_64_TO_32_BIT_CONVERSION = YES;
				GCC_WARN_ABOUT_RETURN_TYPE = YES_ERROR;
				GCC_WARN_UNDECLARED_SELECTOR = YES;
				GCC_WARN_UNINITIALIZED_AUTOS = YES_AGGRESSIVE;
				GCC_WARN_UNUSED_FUNCTION = YES;
				GCC_WARN_UNUSED_VARIABLE = YES;
				IPHONEOS_DEPLOYMENT_TARGET = 13.2;
				MTL_ENABLE_DEBUG_INFO = INCLUDE_SOURCE;
				MTL_FAST_MATH = YES;
				ONLY_ACTIVE_ARCH = YES;
				SDKROOT = iphoneos;
				SWIFT_ACTIVE_COMPILATION_CONDITIONS = DEBUG;
				SWIFT_OPTIMIZATION_LEVEL = "-Onone";
			};
			name = Debug;
		};
		1F4183FE23FF8F1500E4F471 /* Release */ = {
			isa = XCBuildConfiguration;
			buildSettings = {
				ALWAYS_SEARCH_USER_PATHS = NO;
				CLANG_ANALYZER_NONNULL = YES;
				CLANG_ANALYZER_NUMBER_OBJECT_CONVERSION = YES_AGGRESSIVE;
				CLANG_CXX_LANGUAGE_STANDARD = "gnu++14";
				CLANG_CXX_LIBRARY = "libc++";
				CLANG_ENABLE_MODULES = YES;
				CLANG_ENABLE_OBJC_ARC = YES;
				CLANG_ENABLE_OBJC_WEAK = YES;
				CLANG_WARN_BLOCK_CAPTURE_AUTORELEASING = YES;
				CLANG_WARN_BOOL_CONVERSION = YES;
				CLANG_WARN_COMMA = YES;
				CLANG_WARN_CONSTANT_CONVERSION = YES;
				CLANG_WARN_DEPRECATED_OBJC_IMPLEMENTATIONS = YES;
				CLANG_WARN_DIRECT_OBJC_ISA_USAGE = YES_ERROR;
				CLANG_WARN_DOCUMENTATION_COMMENTS = YES;
				CLANG_WARN_EMPTY_BODY = YES;
				CLANG_WARN_ENUM_CONVERSION = YES;
				CLANG_WARN_INFINITE_RECURSION = YES;
				CLANG_WARN_INT_CONVERSION = YES;
				CLANG_WARN_NON_LITERAL_NULL_CONVERSION = YES;
				CLANG_WARN_OBJC_IMPLICIT_RETAIN_SELF = YES;
				CLANG_WARN_OBJC_LITERAL_CONVERSION = YES;
				CLANG_WARN_OBJC_ROOT_CLASS = YES_ERROR;
				CLANG_WARN_RANGE_LOOP_ANALYSIS = YES;
				CLANG_WARN_STRICT_PROTOTYPES = YES;
				CLANG_WARN_SUSPICIOUS_MOVE = YES;
				CLANG_WARN_UNGUARDED_AVAILABILITY = YES_AGGRESSIVE;
				CLANG_WARN_UNREACHABLE_CODE = YES;
				CLANG_WARN__DUPLICATE_METHOD_MATCH = YES;
				COPY_PHASE_STRIP = NO;
				DEBUG_INFORMATION_FORMAT = "dwarf-with-dsym";
				ENABLE_NS_ASSERTIONS = NO;
				ENABLE_STRICT_OBJC_MSGSEND = YES;
				GCC_C_LANGUAGE_STANDARD = gnu11;
				GCC_NO_COMMON_BLOCKS = YES;
				GCC_WARN_64_TO_32_BIT_CONVERSION = YES;
				GCC_WARN_ABOUT_RETURN_TYPE = YES_ERROR;
				GCC_WARN_UNDECLARED_SELECTOR = YES;
				GCC_WARN_UNINITIALIZED_AUTOS = YES_AGGRESSIVE;
				GCC_WARN_UNUSED_FUNCTION = YES;
				GCC_WARN_UNUSED_VARIABLE = YES;
				IPHONEOS_DEPLOYMENT_TARGET = 13.2;
				MTL_ENABLE_DEBUG_INFO = NO;
				MTL_FAST_MATH = YES;
				SDKROOT = iphoneos;
				SWIFT_COMPILATION_MODE = wholemodule;
				SWIFT_OPTIMIZATION_LEVEL = "-O";
				VALIDATE_PRODUCT = YES;
			};
			name = Release;
		};
		1F41840023FF8F1500E4F471 /* Debug */ = {
			isa = XCBuildConfiguration;
			buildSettings = {
				ASSETCATALOG_COMPILER_APPICON_NAME = AppIcon;
				CODE_SIGN_STYLE = Automatic;
				DEVELOPMENT_TEAM = FMU733F66G;
				INFOPLIST_FILE = "Rick and Morty/Assets/Info.plist";
				LD_RUNPATH_SEARCH_PATHS = (
					"$(inherited)",
					"@executable_path/Frameworks",
				);
				PRODUCT_BUNDLE_IDENTIFIER = "com.alexthompson.Rick-and-Morty";
				PRODUCT_NAME = "$(TARGET_NAME)";
				SWIFT_VERSION = 5.0;
				TARGETED_DEVICE_FAMILY = "1,2";
			};
			name = Debug;
		};
		1F41840123FF8F1500E4F471 /* Release */ = {
			isa = XCBuildConfiguration;
			buildSettings = {
				ASSETCATALOG_COMPILER_APPICON_NAME = AppIcon;
				CODE_SIGN_STYLE = Automatic;
				DEVELOPMENT_TEAM = FMU733F66G;
				INFOPLIST_FILE = "Rick and Morty/Assets/Info.plist";
				LD_RUNPATH_SEARCH_PATHS = (
					"$(inherited)",
					"@executable_path/Frameworks",
				);
				PRODUCT_BUNDLE_IDENTIFIER = "com.alexthompson.Rick-and-Morty";
				PRODUCT_NAME = "$(TARGET_NAME)";
				SWIFT_VERSION = 5.0;
				TARGETED_DEVICE_FAMILY = "1,2";
			};
			name = Release;
		};
/* End XCBuildConfiguration section */

/* Begin XCConfigurationList section */
		1F4183E623FF8F1400E4F471 /* Build configuration list for PBXProject "Rick and Morty" */ = {
			isa = XCConfigurationList;
			buildConfigurations = (
				1F4183FD23FF8F1500E4F471 /* Debug */,
				1F4183FE23FF8F1500E4F471 /* Release */,
			);
			defaultConfigurationIsVisible = 0;
			defaultConfigurationName = Release;
		};
		1F4183FF23FF8F1500E4F471 /* Build configuration list for PBXNativeTarget "Rick and Morty" */ = {
			isa = XCConfigurationList;
			buildConfigurations = (
				1F41840023FF8F1500E4F471 /* Debug */,
				1F41840123FF8F1500E4F471 /* Release */,
			);
			defaultConfigurationIsVisible = 0;
			defaultConfigurationName = Release;
		};
/* End XCConfigurationList section */

/* Begin XCRemoteSwiftPackageReference section */
		1F0D1080245E41E000544E8E /* XCRemoteSwiftPackageReference "rick-morty-swift-api" */ = {
			isa = XCRemoteSwiftPackageReference;
			repositoryURL = "https://github.com/benjaminbruch/rick-morty-swift-api";
			requirement = {
				branch = master;
				kind = branch;
			};
		};
		1F0D1085245E8D8800544E8E /* XCRemoteSwiftPackageReference "Alamofire" */ = {
			isa = XCRemoteSwiftPackageReference;
			repositoryURL = "https://github.com/Alamofire/Alamofire";
			requirement = {
				kind = upToNextMajorVersion;
				minimumVersion = 5.1.0;
			};
		};
		1F0D1088245E8DDA00544E8E /* XCRemoteSwiftPackageReference "SwiftyJSON" */ = {
			isa = XCRemoteSwiftPackageReference;
			repositoryURL = "https://github.com/SwiftyJSON/SwiftyJSON";
			requirement = {
				kind = upToNextMajorVersion;
				minimumVersion = 5.0.0;
			};
		};
		1FB425BC245EB7CE00D34A84 /* XCRemoteSwiftPackageReference "SDWebImage" */ = {
			isa = XCRemoteSwiftPackageReference;
			repositoryURL = "https://github.com/SDWebImage/SDWebImage";
			requirement = {
				kind = upToNextMajorVersion;
				minimumVersion = 5.7.3;
			};
		};
/* End XCRemoteSwiftPackageReference section */

/* Begin XCSwiftPackageProductDependency section */
		1F0D1081245E41E000544E8E /* rick-morty-swift-api */ = {
			isa = XCSwiftPackageProductDependency;
			package = 1F0D1080245E41E000544E8E /* XCRemoteSwiftPackageReference "rick-morty-swift-api" */;
			productName = "rick-morty-swift-api";
		};
		1F0D1086245E8D8800544E8E /* Alamofire */ = {
			isa = XCSwiftPackageProductDependency;
			package = 1F0D1085245E8D8800544E8E /* XCRemoteSwiftPackageReference "Alamofire" */;
			productName = Alamofire;
		};
		1F0D1089245E8DDA00544E8E /* SwiftyJSON */ = {
			isa = XCSwiftPackageProductDependency;
			package = 1F0D1088245E8DDA00544E8E /* XCRemoteSwiftPackageReference "SwiftyJSON" */;
			productName = SwiftyJSON;
		};
		1FB425BD245EB7CE00D34A84 /* SDWebImage */ = {
			isa = XCSwiftPackageProductDependency;
			package = 1FB425BC245EB7CE00D34A84 /* XCRemoteSwiftPackageReference "SDWebImage" */;
			productName = SDWebImage;
		};
		1FB425BF245EB7CE00D34A84 /* SDWebImageMapKit */ = {
			isa = XCSwiftPackageProductDependency;
			package = 1FB425BC245EB7CE00D34A84 /* XCRemoteSwiftPackageReference "SDWebImage" */;
			productName = SDWebImageMapKit;
		};
/* End XCSwiftPackageProductDependency section */
	};
	rootObject = 1F4183E323FF8F1400E4F471 /* Project object */;
}
